
Microsoft Visual Studio Solution File, Format Version 11.00
# Visual Studio 2010
Project("{FAE04EC0-301F-11D3-BF4B-00C04F79EFBC}") = "RoverApp", "RoverApp\RoverApp.csproj", "{8F64227D-1C49-4D11-82A7-184448BBE38B}"
EndProject
Project("{F2A71F9B-5D33-465A-A702-920D77279786}") = "RoverApp.Business", "RoverApp.Business\RoverApp.Business.fsproj", "{A1FB316F-E7D0-44CA-954A-72A4E547F32D}"
EndProject
Project("{F2A71F9B-5D33-465A-A702-920D77279786}") = "RoverApp.Shared", "RoverApp.Shared\RoverApp.Shared.fsproj", "{F834EB44-2699-4457-B38E-F8215532AABC}"
EndProject
Global
	GlobalSection(SolutionConfigurationPlatforms) = preSolution
		Debug|Any CPU = Debug|Any CPU
		Debug|Mixed Platforms = Debug|Mixed Platforms
		Debug|x86 = Debug|x86
		Release|Any CPU = Release|Any CPU
		Release|Mixed Platforms = Release|Mixed Platforms
		Release|x86 = Release|x86
	EndGlobalSection
	GlobalSection(ProjectConfigurationPlatforms) = postSolution
		{8F64227D-1C49-4D11-82A7-184448BBE38B}.Debug|Any CPU.ActiveCfg = Debug|x86
		{8F64227D-1C49-4D11-82A7-184448BBE38B}.Debug|Mixed Platforms.ActiveCfg = Debug|x86
		{8F64227D-1C49-4D11-82A7-184448BBE38B}.Debug|Mixed Platforms.Build.0 = Debug|x86
		{8F64227D-1C49-4D11-82A7-184448BBE38B}.Debug|x86.ActiveCfg = Debug|x86
		{8F64227D-1C49-4D11-82A7-184448BBE38B}.Debug|x86.Build.0 = Debug|x86
		{8F64227D-1C49-4D11-82A7-184448BBE38B}.Release|Any CPU.ActiveCfg = Release|x86
		{8F64227D-1C49-4D11-82A7-184448BBE38B}.Release|Mixed Platforms.ActiveCfg = Release|x86
		{8F64227D-1C49-4D11-82A7-184448BBE38B}.Release|Mixed Platforms.Build.0 = Release|x86
		{8F64227D-1C49-4D11-82A7-184448BBE38B}.Release|x86.ActiveCfg = Release|x86
		{8F64227D-1C49-4D11-82A7-184448BBE38B}.Release|x86.Build.0 = Release|x86
		{A1FB316F-E7D0-44CA-954A-72A4E547F32D}.Debug|Any CPU.ActiveCfg = Debug|Any CPU
		{A1FB316F-E7D0-44CA-954A-72A4E547F32D}.Debug|Any CPU.Build.0 = Debug|Any CPU
		{A1FB316F-E7D0-44CA-954A-72A4E547F32D}.Debug|Mixed Platforms.ActiveCfg = Debug|Any CPU
		{A1FB316F-E7D0-44CA-954A-72A4E547F32D}.Debug|Mixed Platforms.Build.0 = Debug|Any CPU
		{A1FB316F-E7D0-44CA-954A-72A4E547F32D}.Debug|x86.ActiveCfg = Debug|Any CPU
		{A1FB316F-E7D0-44CA-954A-72A4E547F32D}.Release|Any CPU.ActiveCfg = Release|Any CPU
		{A1FB316F-E7D0-44CA-954A-72A4E547F32D}.Release|Any CPU.Build.0 = Release|Any CPU
		{A1FB316F-E7D0-44CA-954A-72A4E547F32D}.Release|Mixed Platforms.ActiveCfg = Release|Any CPU
		{A1FB316F-E7D0-44CA-954A-72A4E547F32D}.Release|Mixed Platforms.Build.0 = Release|Any CPU
		{A1FB316F-E7D0-44CA-954A-72A4E547F32D}.Release|x86.ActiveCfg = Release|Any CPU
		{F834EB44-2699-4457-B38E-F8215532AABC}.Debug|Any CPU.ActiveCfg = Debug|Any CPU
		{F834EB44-2699-4457-B38E-F8215532AABC}.Debug|Any CPU.Build.0 = Debug|Any CPU
		{F834EB44-2699-4457-B38E-F8215532AABC}.Debug|Mixed Platforms.ActiveCfg = Debug|Any CPU
		{F834EB44-2699-4457-B38E-F8215532AABC}.Debug|Mixed Platforms.Build.0 = Debug|Any CPU
		{F834EB44-2699-4457-B38E-F8215532AABC}.Debug|x86.ActiveCfg = Debug|Any CPU
		{F834EB44-2699-4457-B38E-F8215532AABC}.Release|Any CPU.ActiveCfg = Release|Any CPU
		{F834EB44-2699-4457-B38E-F8215532AABC}.Release|Any CPU.Build.0 = Release|Any CPU
		{F834EB44-2699-4457-B38E-F8215532AABC}.Release|Mixed Platforms.ActiveCfg = Release|Any CPU
		{F834EB44-2699-4457-B38E-F8215532AABC}.Release|Mixed Platforms.Build.0 = Release|Any CPU
		{F834EB44-2699-4457-B38E-F8215532AABC}.Release|x86.ActiveCfg = Release|Any CPU
	EndGlobalSection
	GlobalSection(SolutionProperties) = preSolution
		HideSolutionNode = FALSE
	EndGlobalSection
EndGlobal
